
Microsoft Visual Studio Solution File, Format Version 12.00
# Visual Studio Version 17
VisualStudioVersion = 17.5.33530.505
MinimumVisualStudioVersion = 10.0.40219.1
Project("{FAE04EC0-301F-11D3-BF4B-00C04F79EFBC}") = "devopstestapp", "devopstestapp.csproj", "{5BDBB301-BFE5-4B7B-9831-AC01316AEFFB}"
EndProject
Global
	GlobalSection(SolutionConfigurationPlatforms) = preSolution
		Debug|Any CPU = Debug|Any CPU
		Release|Any CPU = Release|Any CPU
	EndGlobalSection
	GlobalSection(ProjectConfigurationPlatforms) = postSolution
		{5BDBB301-BFE5-4B7B-9831-AC01316AEFFB}.Debug|Any CPU.ActiveCfg = Debug|Any CPU
		{5BDBB301-BFE5-4B7B-9831-AC01316AEFFB}.Debug|Any CPU.Build.0 = Debug|Any CPU
		{5BDBB301-BFE5-4B7B-9831-AC01316AEFFB}.Release|Any CPU.ActiveCfg = Release|Any CPU
		{5BDBB301-BFE5-4B7B-9831-AC01316AEFFB}.Release|Any CPU.Build.0 = Release|Any CPU
	EndGlobalSection
	GlobalSection(SolutionProperties) = preSolution
		HideSolutionNode = FALSE
	EndGlobalSection
	GlobalSection(ExtensibilityGlobals) = postSolution
		SolutionGuid = {FD53D8D7-47B3-47E1-B965-06319CC98FCE}
	EndGlobalSection
EndGlobal
